{
  "name": "2.03 - Backend-Jobs-API",
  "lockfileVersion": 3,
  "requires": true,
  "packages": {
    "": {
      "dependencies": {
        "http-status-toolkit": "^1.0.1"
      }
    },
    "node_modules/http-status-toolkit": {
      "version": "1.0.1",
      "resolved": "https://registry.npmjs.org/http-status-toolkit/-/http-status-toolkit-1.0.1.tgz",
      "integrity": "sha512-jgqxGm1HsSipO3PUeHF7LvQ0IdT3Aq0NPIU00xgKuYtXJYeHxWgHzO0OmuAn0XkKKbrhhUYBdGqE4LxElZItQA==",
      "license": "MIT"
    }
  }
}
